
Microsoft Visual Studio Solution File, Format Version 12.00
# Visual Studio Version 17
VisualStudioVersion = 17.12.35410.144 d17.12
MinimumVisualStudioVersion = 10.0.40219.1
Project("{FAE04EC0-301F-11D3-BF4B-00C04F79EFBC}") = "Dafaah.Api", "Dafaah.Api\Dafaah.Api.csproj", "{F2AAAFD9-0543-4C8C-A955-B0395635858C}"
EndProject
Project("{FAE04EC0-301F-11D3-BF4B-00C04F79EFBC}") = "Subscriber", "Subscriber\Subscriber.csproj", "{F4A9EEEA-1942-4EAD-98F8-11D5397BC332}"
EndProject
Global
	GlobalSection(SolutionConfigurationPlatforms) = preSolution
		Debug|Any CPU = Debug|Any CPU
		Release|Any CPU = Release|Any CPU
	EndGlobalSection
	GlobalSection(ProjectConfigurationPlatforms) = postSolution
		{F2AAAFD9-0543-4C8C-A955-B0395635858C}.Debug|Any CPU.ActiveCfg = Debug|Any CPU
		{F2AAAFD9-0543-4C8C-A955-B0395635858C}.Debug|Any CPU.Build.0 = Debug|Any CPU
		{F2AAAFD9-0543-4C8C-A955-B0395635858C}.Release|Any CPU.ActiveCfg = Release|Any CPU
		{F2AAAFD9-0543-4C8C-A955-B0395635858C}.Release|Any CPU.Build.0 = Release|Any CPU
		{F4A9EEEA-1942-4EAD-98F8-11D5397BC332}.Debug|Any CPU.ActiveCfg = Debug|Any CPU
		{F4A9EEEA-1942-4EAD-98F8-11D5397BC332}.Debug|Any CPU.Build.0 = Debug|Any CPU
		{F4A9EEEA-1942-4EAD-98F8-11D5397BC332}.Release|Any CPU.ActiveCfg = Release|Any CPU
		{F4A9EEEA-1942-4EAD-98F8-11D5397BC332}.Release|Any CPU.Build.0 = Release|Any CPU
	EndGlobalSection
	GlobalSection(SolutionProperties) = preSolution
		HideSolutionNode = FALSE
	EndGlobalSection
EndGlobal
