
Microsoft Visual Studio Solution File, Format Version 12.00
# Visual Studio Version 17
VisualStudioVersion = 17.12.35410.144 d17.12
MinimumVisualStudioVersion = 10.0.40219.1
Project("{FAE04EC0-301F-11D3-BF4B-00C04F79EFBC}") = "Subscriber", "Subscriber\Subscriber.csproj", "{F4A9EEEA-1942-4EAD-98F8-11D5397BC332}"
EndProject
Project("{FAE04EC0-301F-11D3-BF4B-00C04F79EFBC}") = "Dafaah.Products.Api", "Dafaah.Products.Api\Dafaah.Products.Api.csproj", "{32D8787E-5494-4E08-BCCC-2DFE5E01BCF3}"
EndProject
Project("{FAE04EC0-301F-11D3-BF4B-00C04F79EFBC}") = "Dafaah.AppHost", "Dafaah.AppHost\Dafaah.AppHost.csproj", "{F02F74BA-5B31-492F-99C1-6CD447FA7867}"
EndProject
Global
	GlobalSection(SolutionConfigurationPlatforms) = preSolution
		Debug|Any CPU = Debug|Any CPU
		Release|Any CPU = Release|Any CPU
	EndGlobalSection
	GlobalSection(ProjectConfigurationPlatforms) = postSolution
		{F4A9EEEA-1942-4EAD-98F8-11D5397BC332}.Debug|Any CPU.ActiveCfg = Debug|Any CPU
		{F4A9EEEA-1942-4EAD-98F8-11D5397BC332}.Debug|Any CPU.Build.0 = Debug|Any CPU
		{F4A9EEEA-1942-4EAD-98F8-11D5397BC332}.Release|Any CPU.ActiveCfg = Release|Any CPU
		{F4A9EEEA-1942-4EAD-98F8-11D5397BC332}.Release|Any CPU.Build.0 = Release|Any CPU
		{32D8787E-5494-4E08-BCCC-2DFE5E01BCF3}.Debug|Any CPU.ActiveCfg = Debug|Any CPU
		{32D8787E-5494-4E08-BCCC-2DFE5E01BCF3}.Debug|Any CPU.Build.0 = Debug|Any CPU
		{32D8787E-5494-4E08-BCCC-2DFE5E01BCF3}.Release|Any CPU.ActiveCfg = Release|Any CPU
		{32D8787E-5494-4E08-BCCC-2DFE5E01BCF3}.Release|Any CPU.Build.0 = Release|Any CPU
		{F02F74BA-5B31-492F-99C1-6CD447FA7867}.Debug|Any CPU.ActiveCfg = Debug|Any CPU
		{F02F74BA-5B31-492F-99C1-6CD447FA7867}.Debug|Any CPU.Build.0 = Debug|Any CPU
		{F02F74BA-5B31-492F-99C1-6CD447FA7867}.Release|Any CPU.ActiveCfg = Release|Any CPU
		{F02F74BA-5B31-492F-99C1-6CD447FA7867}.Release|Any CPU.Build.0 = Release|Any CPU
	EndGlobalSection
	GlobalSection(SolutionProperties) = preSolution
		HideSolutionNode = FALSE
	EndGlobalSection
EndGlobal
